// !$*UTF8*$!
{
	archiveVersion = 1;
	classes = {
	};
	objectVersion = 46;
	objects = {

/* Begin PBXBuildFile section */
		BF1986AA187EA82D005C0E18 /* Foundation.framework in Frameworks */ = {isa = PBXBuildFile; fileRef = BF1986A9187EA82D005C0E18 /* Foundation.framework */; };
		BF1986AC187EA82D005C0E18 /* CoreGraphics.framework in Frameworks */ = {isa = PBXBuildFile; fileRef = BF1986AB187EA82D005C0E18 /* CoreGraphics.framework */; };
		BF1986AE187EA82D005C0E18 /* UIKit.framework in Frameworks */ = {isa = PBXBuildFile; fileRef = BF1986AD187EA82D005C0E18 /* UIKit.framework */; };
		BF1986B4187EA82D005C0E18 /* InfoPlist.strings in Resources */ = {isa = PBXBuildFile; fileRef = BF1986B2187EA82D005C0E18 /* InfoPlist.strings */; };
		BF1986B6187EA82D005C0E18 /* main.m in Sources */ = {isa = PBXBuildFile; fileRef = BF1986B5187EA82D005C0E18 /* main.m */; };
		BF1986BA187EA82D005C0E18 /* AppDelegate.m in Sources */ = {isa = PBXBuildFile; fileRef = BF1986B9187EA82D005C0E18 /* AppDelegate.m */; };
		BF1986C0187EA82D005C0E18 /* MasterViewController.m in Sources */ = {isa = PBXBuildFile; fileRef = BF1986BF187EA82D005C0E18 /* MasterViewController.m */; };
		BF1986C3187EA82D005C0E18 /* DetailViewController.m in Sources */ = {isa = PBXBuildFile; fileRef = BF1986C2187EA82D005C0E18 /* DetailViewController.m */; };
		BF1986C5187EA82D005C0E18 /* Images.xcassets in Resources */ = {isa = PBXBuildFile; fileRef = BF1986C4187EA82D005C0E18 /* Images.xcassets */; };
		BF1986CC187EA82D005C0E18 /* XCTest.framework in Frameworks */ = {isa = PBXBuildFile; fileRef = BF1986CB187EA82D005C0E18 /* XCTest.framework */; };
		BF1986CD187EA82D005C0E18 /* Foundation.framework in Frameworks */ = {isa = PBXBuildFile; fileRef = BF1986A9187EA82D005C0E18 /* Foundation.framework */; };
		BF1986CE187EA82D005C0E18 /* UIKit.framework in Frameworks */ = {isa = PBXBuildFile; fileRef = BF1986AD187EA82D005C0E18 /* UIKit.framework */; };
		BF1986D6187EA82D005C0E18 /* InfoPlist.strings in Resources */ = {isa = PBXBuildFile; fileRef = BF1986D4187EA82D005C0E18 /* InfoPlist.strings */; };
		BF1986D8187EA82D005C0E18 /* wheelyTestTests.m in Sources */ = {isa = PBXBuildFile; fileRef = BF1986D7187EA82D005C0E18 /* wheelyTestTests.m */; };
		BF1986E7187EA87D005C0E18 /* NetworkLoader.m in Sources */ = {isa = PBXBuildFile; fileRef = BF1986E6187EA87D005C0E18 /* NetworkLoader.m */; };
		BF1986EA187EA8AD005C0E18 /* NetworkRecord.m in Sources */ = {isa = PBXBuildFile; fileRef = BF1986E9187EA8AD005C0E18 /* NetworkRecord.m */; };
/* End PBXBuildFile section */

/* Begin PBXContainerItemProxy section */
		BF1986CF187EA82D005C0E18 /* PBXContainerItemProxy */ = {
			isa = PBXContainerItemProxy;
			containerPortal = BF19869E187EA82D005C0E18 /* Project object */;
			proxyType = 1;
			remoteGlobalIDString = BF1986A5187EA82D005C0E18;
			remoteInfo = wheelyTest;
		};
/* End PBXContainerItemProxy section */

/* Begin PBXFileReference section */
		BF1986A6187EA82D005C0E18 /* wheelyTest.app */ = {isa = PBXFileReference; explicitFileType = wrapper.application; includeInIndex = 0; path = wheelyTest.app; sourceTree = BUILT_PRODUCTS_DIR; };
		BF1986A9187EA82D005C0E18 /* Foundation.framework */ = {isa = PBXFileReference; lastKnownFileType = wrapper.framework; name = Foundation.framework; path = System/Library/Frameworks/Foundation.framework; sourceTree = SDKROOT; };
		BF1986AB187EA82D005C0E18 /* CoreGraphics.framework */ = {isa = PBXFileReference; lastKnownFileType = wrapper.framework; name = CoreGraphics.framework; path = System/Library/Frameworks/CoreGraphics.framework; sourceTree = SDKROOT; };
		BF1986AD187EA82D005C0E18 /* UIKit.framework */ = {isa = PBXFileReference; lastKnownFileType = wrapper.framework; name = UIKit.framework; path = System/Library/Frameworks/UIKit.framework; sourceTree = SDKROOT; };
		BF1986B1187EA82D005C0E18 /* wheelyTest-Info.plist */ = {isa = PBXFileReference; lastKnownFileType = text.plist.xml; path = "wheelyTest-Info.plist"; sourceTree = "<group>"; };
		BF1986B3187EA82D005C0E18 /* en */ = {isa = PBXFileReference; lastKnownFileType = text.plist.strings; name = en; path = en.lproj/InfoPlist.strings; sourceTree = "<group>"; };
		BF1986B5187EA82D005C0E18 /* main.m */ = {isa = PBXFileReference; lastKnownFileType = sourcecode.c.objc; path = main.m; sourceTree = "<group>"; };
		BF1986B8187EA82D005C0E18 /* AppDelegate.h */ = {isa = PBXFileReference; lastKnownFileType = sourcecode.c.h; path = AppDelegate.h; sourceTree = "<group>"; };
		BF1986B9187EA82D005C0E18 /* AppDelegate.m */ = {isa = PBXFileReference; lastKnownFileType = sourcecode.c.objc; path = AppDelegate.m; sourceTree = "<group>"; };
		BF1986BE187EA82D005C0E18 /* MasterViewController.h */ = {isa = PBXFileReference; lastKnownFileType = sourcecode.c.h; path = MasterViewController.h; sourceTree = "<group>"; };
		BF1986BF187EA82D005C0E18 /* MasterViewController.m */ = {isa = PBXFileReference; lastKnownFileType = sourcecode.c.objc; path = MasterViewController.m; sourceTree = "<group>"; };
		BF1986C1187EA82D005C0E18 /* DetailViewController.h */ = {isa = PBXFileReference; lastKnownFileType = sourcecode.c.h; path = DetailViewController.h; sourceTree = "<group>"; };
		BF1986C2187EA82D005C0E18 /* DetailViewController.m */ = {isa = PBXFileReference; lastKnownFileType = sourcecode.c.objc; path = DetailViewController.m; sourceTree = "<group>"; };
		BF1986C4187EA82D005C0E18 /* Images.xcassets */ = {isa = PBXFileReference; lastKnownFileType = folder.assetcatalog; path = Images.xcassets; sourceTree = "<group>"; };
		BF1986CA187EA82D005C0E18 /* wheelyTestTests.xctest */ = {isa = PBXFileReference; explicitFileType = wrapper.cfbundle; includeInIndex = 0; path = wheelyTestTests.xctest; sourceTree = BUILT_PRODUCTS_DIR; };
		BF1986CB187EA82D005C0E18 /* XCTest.framework */ = {isa = PBXFileReference; lastKnownFileType = wrapper.framework; name = XCTest.framework; path = Library/Frameworks/XCTest.framework; sourceTree = DEVELOPER_DIR; };
		BF1986D3187EA82D005C0E18 /* wheelyTestTests-Info.plist */ = {isa = PBXFileReference; lastKnownFileType = text.plist.xml; path = "wheelyTestTests-Info.plist"; sourceTree = "<group>"; };
		BF1986D5187EA82D005C0E18 /* en */ = {isa = PBXFileReference; lastKnownFileType = text.plist.strings; name = en; path = en.lproj/InfoPlist.strings; sourceTree = "<group>"; };
		BF1986D7187EA82D005C0E18 /* wheelyTestTests.m */ = {isa = PBXFileReference; lastKnownFileType = sourcecode.c.objc; path = wheelyTestTests.m; sourceTree = "<group>"; };
		BF1986E5187EA87D005C0E18 /* NetworkLoader.h */ = {isa = PBXFileReference; fileEncoding = 4; lastKnownFileType = sourcecode.c.h; path = NetworkLoader.h; sourceTree = "<group>"; };
		BF1986E6187EA87D005C0E18 /* NetworkLoader.m */ = {isa = PBXFileReference; fileEncoding = 4; lastKnownFileType = sourcecode.c.objc; path = NetworkLoader.m; sourceTree = "<group>"; };
		BF1986E8187EA8AD005C0E18 /* NetworkRecord.h */ = {isa = PBXFileReference; fileEncoding = 4; lastKnownFileType = sourcecode.c.h; path = NetworkRecord.h; sourceTree = "<group>"; };
		BF1986E9187EA8AD005C0E18 /* NetworkRecord.m */ = {isa = PBXFileReference; fileEncoding = 4; lastKnownFileType = sourcecode.c.objc; path = NetworkRecord.m; sourceTree = "<group>"; };
/* End PBXFileReference section */

/* Begin PBXFrameworksBuildPhase section */
		BF1986A3187EA82D005C0E18 /* Frameworks */ = {
			isa = PBXFrameworksBuildPhase;
			buildActionMask = 2147483647;
			files = (
				BF1986AC187EA82D005C0E18 /* CoreGraphics.framework in Frameworks */,
				BF1986AE187EA82D005C0E18 /* UIKit.framework in Frameworks */,
				BF1986AA187EA82D005C0E18 /* Foundation.framework in Frameworks */,
			);
			runOnlyForDeploymentPostprocessing = 0;
		};
		BF1986C7187EA82D005C0E18 /* Frameworks */ = {
			isa = PBXFrameworksBuildPhase;
			buildActionMask = 2147483647;
			files = (
				BF1986CC187EA82D005C0E18 /* XCTest.framework in Frameworks */,
				BF1986CE187EA82D005C0E18 /* UIKit.framework in Frameworks */,
				BF1986CD187EA82D005C0E18 /* Foundation.framework in Frameworks */,
			);
			runOnlyForDeploymentPostprocessing = 0;
		};
/* End PBXFrameworksBuildPhase section */

/* Begin PBXGroup section */
		BF19869D187EA82D005C0E18 = {
			isa = PBXGroup;
			children = (
				BF1986AF187EA82D005C0E18 /* wheelyTest */,
				BF1986D1187EA82D005C0E18 /* wheelyTestTests */,
				BF1986A8187EA82D005C0E18 /* Frameworks */,
				BF1986A7187EA82D005C0E18 /* Products */,
			);
			sourceTree = "<group>";
		};
		BF1986A7187EA82D005C0E18 /* Products */ = {
			isa = PBXGroup;
			children = (
				BF1986A6187EA82D005C0E18 /* wheelyTest.app */,
				BF1986CA187EA82D005C0E18 /* wheelyTestTests.xctest */,
			);
			name = Products;
			sourceTree = "<group>";
		};
		BF1986A8187EA82D005C0E18 /* Frameworks */ = {
			isa = PBXGroup;
			children = (
				BF1986A9187EA82D005C0E18 /* Foundation.framework */,
				BF1986AB187EA82D005C0E18 /* CoreGraphics.framework */,
				BF1986AD187EA82D005C0E18 /* UIKit.framework */,
				BF1986CB187EA82D005C0E18 /* XCTest.framework */,
			);
			name = Frameworks;
			sourceTree = "<group>";
		};
		BF1986AF187EA82D005C0E18 /* wheelyTest */ = {
			isa = PBXGroup;
			children = (
				BF1986E4187EA868005C0E18 /* Model */,
				BF1986E1187EA839005C0E18 /* AppDelegate */,
				BF1986E3187EA849005C0E18 /* ViewControllers */,
				BF1986C4187EA82D005C0E18 /* Images.xcassets */,
				BF1986B0187EA82D005C0E18 /* Supporting Files */,
			);
			path = wheelyTest;
			sourceTree = "<group>";
		};
		BF1986B0187EA82D005C0E18 /* Supporting Files */ = {
			isa = PBXGroup;
			children = (
				BF1986B1187EA82D005C0E18 /* wheelyTest-Info.plist */,
				BF1986B2187EA82D005C0E18 /* InfoPlist.strings */,
				BF1986B5187EA82D005C0E18 /* main.m */,
			);
			name = "Supporting Files";
			sourceTree = "<group>";
		};
		BF1986D1187EA82D005C0E18 /* wheelyTestTests */ = {
			isa = PBXGroup;
			children = (
				BF1986D7187EA82D005C0E18 /* wheelyTestTests.m */,
				BF1986D2187EA82D005C0E18 /* Supporting Files */,
			);
			path = wheelyTestTests;
			sourceTree = "<group>";
		};
		BF1986D2187EA82D005C0E18 /* Supporting Files */ = {
			isa = PBXGroup;
			children = (
				BF1986D3187EA82D005C0E18 /* wheelyTestTests-Info.plist */,
				BF1986D4187EA82D005C0E18 /* InfoPlist.strings */,
			);
			name = "Supporting Files";
			sourceTree = "<group>";
		};
		BF1986E1187EA839005C0E18 /* AppDelegate */ = {
			isa = PBXGroup;
			children = (
				BF1986B8187EA82D005C0E18 /* AppDelegate.h */,
				BF1986B9187EA82D005C0E18 /* AppDelegate.m */,
			);
			name = AppDelegate;
			sourceTree = "<group>";
		};
		BF1986E3187EA849005C0E18 /* ViewControllers */ = {
			isa = PBXGroup;
			children = (
				BF1986BE187EA82D005C0E18 /* MasterViewController.h */,
				BF1986BF187EA82D005C0E18 /* MasterViewController.m */,
				BF1986C2187EA82D005C0E18 /* DetailViewController.m */,
				BF1986C1187EA82D005C0E18 /* DetailViewController.h */,
			);
			name = ViewControllers;
			sourceTree = "<group>";
		};
		BF1986E4187EA868005C0E18 /* Model */ = {
			isa = PBXGroup;
			children = (
				BF1986E5187EA87D005C0E18 /* NetworkLoader.h */,
				BF1986E6187EA87D005C0E18 /* NetworkLoader.m */,
				BF1986E8187EA8AD005C0E18 /* NetworkRecord.h */,
				BF1986E9187EA8AD005C0E18 /* NetworkRecord.m */,
			);
			name = Model;
			sourceTree = "<group>";
		};
/* End PBXGroup section */

/* Begin PBXNativeTarget section */
		BF1986A5187EA82D005C0E18 /* wheelyTest */ = {
			isa = PBXNativeTarget;
			buildConfigurationList = BF1986DB187EA82D005C0E18 /* Build configuration list for PBXNativeTarget "wheelyTest" */;
			buildPhases = (
				BF1986A2187EA82D005C0E18 /* Sources */,
				BF1986A3187EA82D005C0E18 /* Frameworks */,
				BF1986A4187EA82D005C0E18 /* Resources */,
			);
			buildRules = (
			);
			dependencies = (
			);
			name = wheelyTest;
			productName = wheelyTest;
			productReference = BF1986A6187EA82D005C0E18 /* wheelyTest.app */;
			productType = "com.apple.product-type.application";
		};
		BF1986C9187EA82D005C0E18 /* wheelyTestTests */ = {
			isa = PBXNativeTarget;
			buildConfigurationList = BF1986DE187EA82D005C0E18 /* Build configuration list for PBXNativeTarget "wheelyTestTests" */;
			buildPhases = (
				BF1986C6187EA82D005C0E18 /* Sources */,
				BF1986C7187EA82D005C0E18 /* Frameworks */,
				BF1986C8187EA82D005C0E18 /* Resources */,
			);
			buildRules = (
			);
			dependencies = (
				BF1986D0187EA82D005C0E18 /* PBXTargetDependency */,
			);
			name = wheelyTestTests;
			productName = wheelyTestTests;
			productReference = BF1986CA187EA82D005C0E18 /* wheelyTestTests.xctest */;
			productType = "com.apple.product-type.bundle.unit-test";
		};
/* End PBXNativeTarget section */

/* Begin PBXProject section */
		BF19869E187EA82D005C0E18 /* Project object */ = {
			isa = PBXProject;
			attributes = {
				LastUpgradeCheck = 0900;
				ORGANIZATIONNAME = "Artem Abramov";
				TargetAttributes = {
					BF1986C9187EA82D005C0E18 = {
						TestTargetID = BF1986A5187EA82D005C0E18;
					};
				};
			};
			buildConfigurationList = BF1986A1187EA82D005C0E18 /* Build configuration list for PBXProject "wheelyTest" */;
			compatibilityVersion = "Xcode 3.2";
			developmentRegion = English;
			hasScannedForEncodings = 0;
			knownRegions = (
				en,
				Base,
			);
			mainGroup = BF19869D187EA82D005C0E18;
			productRefGroup = BF1986A7187EA82D005C0E18 /* Products */;
			projectDirPath = "";
			projectRoot = "";
			targets = (
				BF1986A5187EA82D005C0E18 /* wheelyTest */,
				BF1986C9187EA82D005C0E18 /* wheelyTestTests */,
			);
		};
/* End PBXProject section */

/* Begin PBXResourcesBuildPhase section */
		BF1986A4187EA82D005C0E18 /* Resources */ = {
			isa = PBXResourcesBuildPhase;
			buildActionMask = 2147483647;
			files = (
				BF1986C5187EA82D005C0E18 /* Images.xcassets in Resources */,
				BF1986B4187EA82D005C0E18 /* InfoPlist.strings in Resources */,
			);
			runOnlyForDeploymentPostprocessing = 0;
		};
		BF1986C8187EA82D005C0E18 /* Resources */ = {
			isa = PBXResourcesBuildPhase;
			buildActionMask = 2147483647;
			files = (
				BF1986D6187EA82D005C0E18 /* InfoPlist.strings in Resources */,
			);
			runOnlyForDeploymentPostprocessing = 0;
		};
/* End PBXResourcesBuildPhase section */

/* Begin PBXSourcesBuildPhase section */
		BF1986A2187EA82D005C0E18 /* Sources */ = {
			isa = PBXSourcesBuildPhase;
			buildActionMask = 2147483647;
			files = (
				BF1986E7187EA87D005C0E18 /* NetworkLoader.m in Sources */,
				BF1986BA187EA82D005C0E18 /* AppDelegate.m in Sources */,
				BF1986C0187EA82D005C0E18 /* MasterViewController.m in Sources */,
				BF1986EA187EA8AD005C0E18 /* NetworkRecord.m in Sources */,
				BF1986B6187EA82D005C0E18 /* main.m in Sources */,
				BF1986C3187EA82D005C0E18 /* DetailViewController.m in Sources */,
			);
			runOnlyForDeploymentPostprocessing = 0;
		};
		BF1986C6187EA82D005C0E18 /* Sources */ = {
			isa = PBXSourcesBuildPhase;
			buildActionMask = 2147483647;
			files = (
				BF1986D8187EA82D005C0E18 /* wheelyTestTests.m in Sources */,
			);
			runOnlyForDeploymentPostprocessing = 0;
		};
/* End PBXSourcesBuildPhase section */

/* Begin PBXTargetDependency section */
		BF1986D0187EA82D005C0E18 /* PBXTargetDependency */ = {
			isa = PBXTargetDependency;
			target = BF1986A5187EA82D005C0E18 /* wheelyTest */;
			targetProxy = BF1986CF187EA82D005C0E18 /* PBXContainerItemProxy */;
		};
/* End PBXTargetDependency section */

/* Begin PBXVariantGroup section */
		BF1986B2187EA82D005C0E18 /* InfoPlist.strings */ = {
			isa = PBXVariantGroup;
			children = (
				BF1986B3187EA82D005C0E18 /* en */,
			);
			name = InfoPlist.strings;
			sourceTree = "<group>";
		};
		BF1986D4187EA82D005C0E18 /* InfoPlist.strings */ = {
			isa = PBXVariantGroup;
			children = (
				BF1986D5187EA82D005C0E18 /* en */,
			);
			name = InfoPlist.strings;
			sourceTree = "<group>";
		};
/* End PBXVariantGroup section */

/* Begin XCBuildConfiguration section */
		BF1986D9187EA82D005C0E18 /* Debug */ = {
			isa = XCBuildConfiguration;
			buildSettings = {
				ALWAYS_SEARCH_USER_PATHS = NO;
				CLANG_CXX_LANGUAGE_STANDARD = "gnu++0x";
				CLANG_CXX_LIBRARY = "libc++";
				CLANG_ENABLE_MODULES = YES;
				CLANG_ENABLE_OBJC_ARC = YES;
				CLANG_WARN_BLOCK_CAPTURE_AUTORELEASING = YES;
				CLANG_WARN_BOOL_CONVERSION = YES;
				CLANG_WARN_COMMA = YES;
				CLANG_WARN_CONSTANT_CONVERSION = YES;
				CLANG_WARN_DIRECT_OBJC_ISA_USAGE = YES_ERROR;
				CLANG_WARN_EMPTY_BODY = YES;
				CLANG_WARN_ENUM_CONVERSION = YES;
				CLANG_WARN_INFINITE_RECURSION = YES;
				CLANG_WARN_INT_CONVERSION = YES;
				CLANG_WARN_NON_LITERAL_NULL_CONVERSION = YES;
				CLANG_WARN_OBJC_LITERAL_CONVERSION = YES;
				CLANG_WARN_OBJC_ROOT_CLASS = YES_ERROR;
				CLANG_WARN_RANGE_LOOP_ANALYSIS = YES;
				CLANG_WARN_STRICT_PROTOTYPES = YES;
				CLANG_WARN_SUSPICIOUS_MOVE = YES;
				CLANG_WARN_UNREACHABLE_CODE = YES;
				CLANG_WARN__DUPLICATE_METHOD_MATCH = YES;
				"CODE_SIGN_IDENTITY[sdk=iphoneos*]" = "iPhone Developer";
				COPY_PHASE_STRIP = NO;
				ENABLE_STRICT_OBJC_MSGSEND = YES;
				ENABLE_TESTABILITY = YES;
				GCC_C_LANGUAGE_STANDARD = gnu99;
				GCC_DYNAMIC_NO_PIC = NO;
				GCC_NO_COMMON_BLOCKS = YES;
				GCC_OPTIMIZATION_LEVEL = 0;
				GCC_PREPROCESSOR_DEFINITIONS = (
					"DEBUG=1",
					"$(inherited)",
				);
				GCC_SYMBOLS_PRIVATE_EXTERN = NO;
				GCC_WARN_64_TO_32_BIT_CONVERSION = YES;
				GCC_WARN_ABOUT_RETURN_TYPE = YES_ERROR;
				GCC_WARN_UNDECLARED_SELECTOR = YES;
				GCC_WARN_UNINITIALIZED_AUTOS = YES;
				GCC_WARN_UNUSED_FUNCTION = YES;
				GCC_WARN_UNUSED_VARIABLE = YES;
				IPHONEOS_DEPLOYMENT_TARGET = 8.0;
				ONLY_ACTIVE_ARCH = YES;
				SDKROOT = iphoneos;
			};
			name = Debug;
		};
		BF1986DA187EA82D005C0E18 /* Release */ = {
			isa = XCBuildConfiguration;
			buildSettings = {
				ALWAYS_SEARCH_USER_PATHS = NO;
				CLANG_CXX_LANGUAGE_STANDARD = "gnu++0x";
				CLANG_CXX_LIBRARY = "libc++";
				CLANG_ENABLE_MODULES = YES;
				CLANG_ENABLE_OBJC_ARC = YES;
				CLANG_WARN_BLOCK_CAPTURE_AUTORELEASING = YES;
				CLANG_WARN_BOOL_CONVERSION = YES;
				CLANG_WARN_COMMA = YES;
				CLANG_WARN_CONSTANT_CONVERSION = YES;
				CLANG_WARN_DIRECT_OBJC_ISA_USAGE = YES_ERROR;
				CLANG_WARN_EMPTY_BODY = YES;
				CLANG_WARN_ENUM_CONVERSION = YES;
				CLANG_WARN_INFINITE_RECURSION = YES;
				CLANG_WARN_INT_CONVERSION = YES;
				CLANG_WARN_NON_LITERAL_NULL_CONVERSION = YES;
				CLANG_WARN_OBJC_LITERAL_CONVERSION = YES;
				CLANG_WARN_OBJC_ROOT_CLASS = YES_ERROR;
				CLANG_WARN_RANGE_LOOP_ANALYSIS = YES;
				CLANG_WARN_STRICT_PROTOTYPES = YES;
				CLANG_WARN_SUSPICIOUS_MOVE = YES;
				CLANG_WARN_UNREACHABLE_CODE = YES;
				CLANG_WARN__DUPLICATE_METHOD_MATCH = YES;
				"CODE_SIGN_IDENTITY[sdk=iphoneos*]" = "iPhone Developer";
				COPY_PHASE_STRIP = YES;
				ENABLE_NS_ASSERTIONS = NO;
				ENABLE_STRICT_OBJC_MSGSEND = YES;
				GCC_C_LANGUAGE_STANDARD = gnu99;
				GCC_NO_COMMON_BLOCKS = YES;
				GCC_WARN_64_TO_32_BIT_CONVERSION = YES;
				GCC_WARN_ABOUT_RETURN_TYPE = YES_ERROR;
				GCC_WARN_UNDECLARED_SELECTOR = YES;
				GCC_WARN_UNINITIALIZED_AUTOS = YES;
				GCC_WARN_UNUSED_FUNCTION = YES;
				GCC_WARN_UNUSED_VARIABLE = YES;
				IPHONEOS_DEPLOYMENT_TARGET = 8.0;
				SDKROOT = iphoneos;
				VALIDATE_PRODUCT = YES;
			};
			name = Release;
		};
		BF1986DC187EA82D005C0E18 /* Debug */ = {
			isa = XCBuildConfiguration;
			buildSettings = {
				ASSETCATALOG_COMPILER_APPICON_NAME = AppIcon;
				ASSETCATALOG_COMPILER_LAUNCHIMAGE_NAME = LaunchImage;
				GCC_PRECOMPILE_PREFIX_HEADER = YES;
				INFOPLIST_FILE = "wheelyTest/wheelyTest-Info.plist";
				PRODUCT_BUNDLE_IDENTIFIER = "com.arabramov.${PRODUCT_NAME:rfc1034identifier}";
				PRODUCT_NAME = "$(TARGET_NAME)";
				WRAPPER_EXTENSION = app;
			};
			name = Debug;
		};
		BF1986DD187EA82D005C0E18 /* Release */ = {
			isa = XCBuildConfiguration;
			buildSettings = {
				ASSETCATALOG_COMPILER_APPICON_NAME = AppIcon;
				ASSETCATALOG_COMPILER_LAUNCHIMAGE_NAME = LaunchImage;
				GCC_PRECOMPILE_PREFIX_HEADER = YES;
				INFOPLIST_FILE = "wheelyTest/wheelyTest-Info.plist";
				PRODUCT_BUNDLE_IDENTIFIER = "com.arabramov.${PRODUCT_NAME:rfc1034identifier}";
				PRODUCT_NAME = "$(TARGET_NAME)";
				WRAPPER_EXTENSION = app;
			};
			name = Release;
		};
		BF1986DF187EA82D005C0E18 /* Debug */ = {
			isa = XCBuildConfiguration;
			buildSettings = {
				BUNDLE_LOADER = "$(BUILT_PRODUCTS_DIR)/wheelyTest.app/wheelyTest";
				FRAMEWORK_SEARCH_PATHS = (
					"$(SDKROOT)/Developer/Library/Frameworks",
					"$(inherited)",
					"$(DEVELOPER_FRAMEWORKS_DIR)",
				);
				GCC_PRECOMPILE_PREFIX_HEADER = YES;
				GCC_PREPROCESSOR_DEFINITIONS = (
					"DEBUG=1",
					"$(inherited)",
				);
				INFOPLIST_FILE = "wheelyTestTests/wheelyTestTests-Info.plist";
				PRODUCT_BUNDLE_IDENTIFIER = "com.arabramov.${PRODUCT_NAME:rfc1034identifier}";
				PRODUCT_NAME = "$(TARGET_NAME)";
				TEST_HOST = "$(BUNDLE_LOADER)";
				WRAPPER_EXTENSION = xctest;
			};
			name = Debug;
		};
		BF1986E0187EA82D005C0E18 /* Release */ = {
			isa = XCBuildConfiguration;
			buildSettings = {
				BUNDLE_LOADER = "$(BUILT_PRODUCTS_DIR)/wheelyTest.app/wheelyTest";
				FRAMEWORK_SEARCH_PATHS = (
					"$(SDKROOT)/Developer/Library/Frameworks",
					"$(inherited)",
					"$(DEVELOPER_FRAMEWORKS_DIR)",
				);
				GCC_PRECOMPILE_PREFIX_HEADER = YES;
				INFOPLIST_FILE = "wheelyTestTests/wheelyTestTests-Info.plist";
				PRODUCT_BUNDLE_IDENTIFIER = "com.arabramov.${PRODUCT_NAME:rfc1034identifier}";
				PRODUCT_NAME = "$(TARGET_NAME)";
				TEST_HOST = "$(BUNDLE_LOADER)";
				WRAPPER_EXTENSION = xctest;
			};
			name = Release;
		};
/* End XCBuildConfiguration section */

/* Begin XCConfigurationList section */
		BF1986A1187EA82D005C0E18 /* Build configuration list for PBXProject "wheelyTest" */ = {
			isa = XCConfigurationList;
			buildConfigurations = (
				BF1986D9187EA82D005C0E18 /* Debug */,
				BF1986DA187EA82D005C0E18 /* Release */,
			);
			defaultConfigurationIsVisible = 0;
			defaultConfigurationName = Release;
		};
		BF1986DB187EA82D005C0E18 /* Build configuration list for PBXNativeTarget "wheelyTest" */ = {
			isa = XCConfigurationList;
			buildConfigurations = (
				BF1986DC187EA82D005C0E18 /* Debug */,
				BF1986DD187EA82D005C0E18 /* Release */,
			);
			defaultConfigurationIsVisible = 0;
			defaultConfigurationName = Release;
		};
		BF1986DE187EA82D005C0E18 /* Build configuration list for PBXNativeTarget "wheelyTestTests" */ = {
			isa = XCConfigurationList;
			buildConfigurations = (
				BF1986DF187EA82D005C0E18 /* Debug */,
				BF1986E0187EA82D005C0E18 /* Release */,
			);
			defaultConfigurationIsVisible = 0;
			defaultConfigurationName = Release;
		};
/* End XCConfigurationList section */
	};
	rootObject = BF19869E187EA82D005C0E18 /* Project object */;
}
